
Microsoft Visual Studio Solution File, Format Version 12.00
# Visual Studio Version 16
VisualStudioVersion = 16.0.29519.87
MinimumVisualStudioVersion = 10.0.40219.1
Project("{9A19103F-16F7-4668-BE54-9A1E7A4F7556}") = "FlushMarketDataBinance", "FlushMarketDataBinance\FlushMarketDataBinance.csproj", "{7AD561F8-72A7-483B-9516-7B156F5C813F}"
EndProject
Project("{9A19103F-16F7-4668-BE54-9A1E7A4F7556}") = "BinanceDotNet.BinanceExchange.API", "BinanceDotNet.BinanceExchange.API\BinanceDotNet.BinanceExchange.API.csproj", "{040FBD60-53D0-439A-854B-866F89D9B0D2}"
EndProject
Global
	GlobalSection(SolutionConfigurationPlatforms) = preSolution
		Debug|Any CPU = Debug|Any CPU
		Release|Any CPU = Release|Any CPU
	EndGlobalSection
	GlobalSection(ProjectConfigurationPlatforms) = postSolution
		{7AD561F8-72A7-483B-9516-7B156F5C813F}.Debug|Any CPU.ActiveCfg = Debug|Any CPU
		{7AD561F8-72A7-483B-9516-7B156F5C813F}.Debug|Any CPU.Build.0 = Debug|Any CPU
		{7AD561F8-72A7-483B-9516-7B156F5C813F}.Release|Any CPU.ActiveCfg = Release|Any CPU
		{7AD561F8-72A7-483B-9516-7B156F5C813F}.Release|Any CPU.Build.0 = Release|Any CPU
		{040FBD60-53D0-439A-854B-866F89D9B0D2}.Debug|Any CPU.ActiveCfg = Debug|Any CPU
		{040FBD60-53D0-439A-854B-866F89D9B0D2}.Debug|Any CPU.Build.0 = Debug|Any CPU
		{040FBD60-53D0-439A-854B-866F89D9B0D2}.Release|Any CPU.ActiveCfg = Release|Any CPU
		{040FBD60-53D0-439A-854B-866F89D9B0D2}.Release|Any CPU.Build.0 = Release|Any CPU
	EndGlobalSection
	GlobalSection(SolutionProperties) = preSolution
		HideSolutionNode = FALSE
	EndGlobalSection
	GlobalSection(ExtensibilityGlobals) = postSolution
		SolutionGuid = {960FF381-DBD5-4886-BE90-551DC89DA1BF}
	EndGlobalSection
EndGlobal
